
Microsoft Visual Studio Solution File, Format Version 11.00
# Visual Studio 2010
Project("{FAE04EC0-301F-11D3-BF4B-00C04F79EFBC}") = "MatthewRichardCrossServices", "MatthewRichardCrossServices\MatthewRichardCrossServices.csproj", "{B7615BDC-ED7D-416C-8F24-2702170BBFCA}"
EndProject
Global
	GlobalSection(SolutionConfigurationPlatforms) = preSolution
		Debug|Any CPU = Debug|Any CPU
		Release|Any CPU = Release|Any CPU
	EndGlobalSection
	GlobalSection(ProjectConfigurationPlatforms) = postSolution
		{B7615BDC-ED7D-416C-8F24-2702170BBFCA}.Debug|Any CPU.ActiveCfg = Debug|Any CPU
		{B7615BDC-ED7D-416C-8F24-2702170BBFCA}.Debug|Any CPU.Build.0 = Debug|Any CPU
		{B7615BDC-ED7D-416C-8F24-2702170BBFCA}.Release|Any CPU.ActiveCfg = Release|Any CPU
		{B7615BDC-ED7D-416C-8F24-2702170BBFCA}.Release|Any CPU.Build.0 = Release|Any CPU
	EndGlobalSection
	GlobalSection(SolutionProperties) = preSolution
		HideSolutionNode = FALSE
	EndGlobalSection
EndGlobal
